{
  "name": "linkedin-scraper-actor",
  "version": "1.0.0",
  "lockfileVersion": 3,
  "requires": true,
  "packages": {
    "": {
      "name": "linkedin-scraper-actor",
      "version": "1.0.0",
      "dependencies": {
        "apify": "^3.2.0",
        "puppeteer": "^23.9.0",
        "puppeteer-extra": "^3.3.6",
        "puppeteer-extra-plugin-stealth": "^2.11.2",
        "puppeteer-extra-plugin-adblocker": "^2.13.6",
        "exceljs": "^4.4.0",
        "csv-writer": "^1.6.0",
        "commander": "^12.0.0",
        "chalk": "^5.3.0",
        "ora": "^8.1.0",
        "inquirer": "^10.0.0",
        "dotenv": "^16.4.0",
        "fs-extra": "^11.2.0",
        "dayjs": "^1.11.10",
        "proxy-agent": "^6.4.0",
        "jigsawstack": "^0.1.12"
      },
      "devDependencies": {
        "nodemon": "^3.0.1"
      },
      "bin": {
        "linkedin-scraper": "./src/cli/scrape-profile.js"
      },
      "engines": {
        "node": ">=20.0.0"
      }
    }
  }
}